
Microsoft Visual Studio Solution File, Format Version 12.00
# Visual Studio Version 17
VisualStudioVersion = 17.13.35913.81 d17.13
MinimumVisualStudioVersion = 10.0.40219.1
Project("{FAE04EC0-301F-11D3-BF4B-00C04F79EFBC}") = "CloneEbay", "CloneEbay\CloneEbay.csproj", "{70978945-88CA-417C-BFD8-5A6A64B73DFA}"
EndProject
Global
	GlobalSection(SolutionConfigurationPlatforms) = preSolution
		Debug|Any CPU = Debug|Any CPU
		Release|Any CPU = Release|Any CPU
	EndGlobalSection
	GlobalSection(ProjectConfigurationPlatforms) = postSolution
		{70978945-88CA-417C-BFD8-5A6A64B73DFA}.Debug|Any CPU.ActiveCfg = Debug|Any CPU
		{70978945-88CA-417C-BFD8-5A6A64B73DFA}.Debug|Any CPU.Build.0 = Debug|Any CPU
		{70978945-88CA-417C-BFD8-5A6A64B73DFA}.Release|Any CPU.ActiveCfg = Release|Any CPU
		{70978945-88CA-417C-BFD8-5A6A64B73DFA}.Release|Any CPU.Build.0 = Release|Any CPU
	EndGlobalSection
	GlobalSection(SolutionProperties) = preSolution
		HideSolutionNode = FALSE
	EndGlobalSection
	GlobalSection(ExtensibilityGlobals) = postSolution
		SolutionGuid = {B64EFEDC-BBFF-4576-83DA-885EC633C969}
	EndGlobalSection
EndGlobal
